# This file is automatically @generated by Poetry and should not be changed by hand.

[[package]]
name = "async-timeout"
version = "4.0.2"
description = "Timeout context manager for asyncio programs"
category = "main"
optional = false
python-versions = ">=3.6"
files = [
    {file = "async-timeout-4.0.2.tar.gz", hash = "sha256:2163e1640ddb52b7a8c80d0a67a08587e5d245cc9c553a74a847056bc2976b15"},
    {file = "async_timeout-4.0.2-py3-none-any.whl", hash = "sha256:8ca1e4fcf50d07413d66d1a5e416e42cfdf5851c981d679a09851a6853383b3c"},
]

[[package]]
name = "dacite"
version = "1.8.0"
description = "Simple creation of data classes from dictionaries."
category = "main"
optional = false
python-versions = ">=3.6"
files = [
    {file = "dacite-1.8.0-py3-none-any.whl", hash = "sha256:f7b1205cc5d9b62835aac8cbc1e6e37c1da862359a401f1edbe2ae08fbdc6193"},
    {file = "dacite-1.8.0.tar.gz", hash = "sha256:6257a5e505b61a8cafee7ef3ad08cf32ee9b885718f42395d017e0a9b4c6af65"},
]

[package.extras]
dev = ["black", "coveralls", "mypy", "pre-commit", "pylint", "pytest (>=5)", "pytest-benchmark", "pytest-cov"]

[[package]]
name = "memorix-client-redis"
version = "1.1.1"
description = ""
category = "main"
optional = false
python-versions = ">=3.8,<4.0"
files = [
    {file = "memorix_client_redis-1.1.1-py3-none-any.whl", hash = "sha256:0f20d7433b1bc6d2376262a04269ce89c1cea816b15d012a23b196e08669e2ac"},
    {file = "memorix_client_redis-1.1.1.tar.gz", hash = "sha256:c23fbfa5679359059b554d68ba75f20dc4f2268c450bd909ef2a4557946960ca"},
]

[package.dependencies]
dacite = ">=1.6.0,<2.0.0"
redis = ">=4.3.4,<5.0.0"

[[package]]
name = "redis"
version = "4.4.2"
description = "Python client for Redis database and key-value store"
category = "main"
optional = false
python-versions = ">=3.7"
files = [
    {file = "redis-4.4.2-py3-none-any.whl", hash = "sha256:e6206448e2f8a432871d07d432c13ed6c2abcf6b74edb436c99752b1371be387"},
    {file = "redis-4.4.2.tar.gz", hash = "sha256:a010f6cb7378065040a02839c3f75c7e0fb37a87116fb4a95be82a95552776c7"},
]

[package.dependencies]
async-timeout = ">=4.0.2"

[package.extras]
hiredis = ["hiredis (>=1.0.0)"]
ocsp = ["cryptography (>=36.0.1)", "pyopenssl (==20.0.1)", "requests (>=2.26.0)"]

[metadata]
lock-version = "2.0"
python-versions = "^3.11"
content-hash = "440b47bab0c0361efb03df3d808ad3b49856c4384d17511d71d183078d48dea1"
